
Microsoft Visual Studio Solution File, Format Version 12.00
# Visual Studio Version 16
VisualStudioVersion = 16.0.29911.84
MinimumVisualStudioVersion = 10.0.40219.1
Project("{FAE04EC0-301F-11D3-BF4B-00C04F79EFBC}") = "ObjectDetection", "ObjectDetection\ObjectDetection.csproj", "{F3E98B83-112A-4D28-BDF3-2DB90EB01649}"
EndProject
Global
	GlobalSection(SolutionConfigurationPlatforms) = preSolution
		Debug|Any CPU = Debug|Any CPU
		Release|Any CPU = Release|Any CPU
	EndGlobalSection
	GlobalSection(ProjectConfigurationPlatforms) = postSolution
		{F3E98B83-112A-4D28-BDF3-2DB90EB01649}.Debug|Any CPU.ActiveCfg = Debug|Any CPU
		{F3E98B83-112A-4D28-BDF3-2DB90EB01649}.Debug|Any CPU.Build.0 = Debug|Any CPU
		{F3E98B83-112A-4D28-BDF3-2DB90EB01649}.Release|Any CPU.ActiveCfg = Release|Any CPU
		{F3E98B83-112A-4D28-BDF3-2DB90EB01649}.Release|Any CPU.Build.0 = Release|Any CPU
	EndGlobalSection
	GlobalSection(SolutionProperties) = preSolution
		HideSolutionNode = FALSE
	EndGlobalSection
	GlobalSection(ExtensibilityGlobals) = postSolution
		SolutionGuid = {4DE6BC22-5FDA-441B-967A-349814FFDF21}
	EndGlobalSection
EndGlobal
